
Microsoft Visual Studio Solution File, Format Version 12.00
# Visual Studio Version 17
VisualStudioVersion = 17.5.33424.131
MinimumVisualStudioVersion = 10.0.40219.1
Project("{FAE04EC0-301F-11D3-BF4B-00C04F79EFBC}") = "Rock Paper Scissors", "Rock Paper Scissors\Rock Paper Scissors.csproj", "{D095FF9D-5D47-411F-9773-5EB6EF14C07A}"
EndProject
Global
	GlobalSection(SolutionConfigurationPlatforms) = preSolution
		Debug|Any CPU = Debug|Any CPU
		Release|Any CPU = Release|Any CPU
	EndGlobalSection
	GlobalSection(ProjectConfigurationPlatforms) = postSolution
		{D095FF9D-5D47-411F-9773-5EB6EF14C07A}.Debug|Any CPU.ActiveCfg = Debug|Any CPU
		{D095FF9D-5D47-411F-9773-5EB6EF14C07A}.Debug|Any CPU.Build.0 = Debug|Any CPU
		{D095FF9D-5D47-411F-9773-5EB6EF14C07A}.Release|Any CPU.ActiveCfg = Release|Any CPU
		{D095FF9D-5D47-411F-9773-5EB6EF14C07A}.Release|Any CPU.Build.0 = Release|Any CPU
	EndGlobalSection
	GlobalSection(SolutionProperties) = preSolution
		HideSolutionNode = FALSE
	EndGlobalSection
	GlobalSection(ExtensibilityGlobals) = postSolution
		SolutionGuid = {889E3623-CECB-482E-BDE4-1CAF402E6AD7}
	EndGlobalSection
EndGlobal
